
Microsoft Visual Studio Solution File, Format Version 12.00
# Visual Studio Version 16
VisualStudioVersion = 16.0.30611.23
MinimumVisualStudioVersion = 10.0.40219.1
Project("{FAE04EC0-301F-11D3-BF4B-00C04F79EFBC}") = "UI", "UI\UI.csproj", "{2D0D2286-97A0-4DDF-B878-EEB35382C250}"
EndProject
Project("{FAE04EC0-301F-11D3-BF4B-00C04F79EFBC}") = "Entity", "Entity\Entity.csproj", "{E4C0808A-0F27-41E4-A29F-CA0768E12A80}"
EndProject
Global
	GlobalSection(SolutionConfigurationPlatforms) = preSolution
		Debug|Any CPU = Debug|Any CPU
		Release|Any CPU = Release|Any CPU
	EndGlobalSection
	GlobalSection(ProjectConfigurationPlatforms) = postSolution
		{2D0D2286-97A0-4DDF-B878-EEB35382C250}.Debug|Any CPU.ActiveCfg = Debug|Any CPU
		{2D0D2286-97A0-4DDF-B878-EEB35382C250}.Debug|Any CPU.Build.0 = Debug|Any CPU
		{2D0D2286-97A0-4DDF-B878-EEB35382C250}.Release|Any CPU.ActiveCfg = Release|Any CPU
		{2D0D2286-97A0-4DDF-B878-EEB35382C250}.Release|Any CPU.Build.0 = Release|Any CPU
		{E4C0808A-0F27-41E4-A29F-CA0768E12A80}.Debug|Any CPU.ActiveCfg = Debug|Any CPU
		{E4C0808A-0F27-41E4-A29F-CA0768E12A80}.Debug|Any CPU.Build.0 = Debug|Any CPU
		{E4C0808A-0F27-41E4-A29F-CA0768E12A80}.Release|Any CPU.ActiveCfg = Release|Any CPU
		{E4C0808A-0F27-41E4-A29F-CA0768E12A80}.Release|Any CPU.Build.0 = Release|Any CPU
	EndGlobalSection
	GlobalSection(SolutionProperties) = preSolution
		HideSolutionNode = FALSE
	EndGlobalSection
	GlobalSection(ExtensibilityGlobals) = postSolution
		SolutionGuid = {87CC7B69-680B-4639-A6C1-27944520778E}
	EndGlobalSection
EndGlobal
